
Microsoft Visual Studio Solution File, Format Version 12.00
# Visual Studio Version 17
VisualStudioVersion = 17.0.31903.59
MinimumVisualStudioVersion = 10.0.40219.1
Project("{2150E333-8FDC-42A3-9474-1A3956D46DE8}") = "src", "src", "{827E0CD3-B72D-47B6-A68D-7590B98EB39B}"
EndProject
Project("{FAE04EC0-301F-11D3-BF4B-00C04F79EFBC}") = "PIM.Intranet", "src\PIM.Intranet\PIM.Intranet.csproj", "{73EBE5E8-D38D-4ED2-97BC-89F09EDA67BE}"
EndProject
Project("{FAE04EC0-301F-11D3-BF4B-00C04F79EFBC}") = "PIM.FoundationWorker", "workers\PIM.FoundationWorker\PIM.FoundationWorker.csproj", "{B910DE0D-DCCC-478A-8736-6B1E50B3F56D}"
EndProject
Project("{FAE04EC0-301F-11D3-BF4B-00C04F79EFBC}") = "PIM.Migrator", "src\PIM.Migrator\PIM.Migrator.csproj", "{A6795678-CB31-4B14-A009-504BB3020945}"
EndProject
Project("{FAE04EC0-301F-11D3-BF4B-00C04F79EFBC}") = "PIM.F0.Tests", "tests\PIM.F0.Tests\PIM.F0.Tests.csproj", "{35AC64B1-7565-4F16-81D9-2BB8588023AF}"
EndProject
Project("{2150E333-8FDC-42A3-9474-1A3956D46DE8}") = "tests", "tests", "{0AB3BF05-4346-4AA6-1389-037BE0695223}"
EndProject
Project("{FAE04EC0-301F-11D3-BF4B-00C04F79EFBC}") = "PIM.F2.Integration", "tests\PIM.F2.Integration\PIM.F2.Integration.csproj", "{1BF51539-6F58-4D1E-8CAA-97A9CCFEC22F}"
EndProject
Project("{FAE04EC0-301F-11D3-BF4B-00C04F79EFBC}") = "PIM.KatalogWorker", "workers\PIM.KatalogWorker\PIM.KatalogWorker.csproj", "{8C83A3D2-3405-4892-834C-C4650A14AB78}"
EndProject
Project("{FAE04EC0-301F-11D3-BF4B-00C04F79EFBC}") = "PIM.F3.ContractTests", "tests\PIM.F3.ContractTests\PIM.F3.ContractTests.csproj", "{9F940C3D-9295-4BF6-AFB6-9F78E31FB19A}"
EndProject
Project("{FAE04EC0-301F-11D3-BF4B-00C04F79EFBC}") = "PIM.F3.BehaviorTests", "tests\PIM.F3.BehaviorTests\PIM.F3.BehaviorTests.csproj", "{E8CF104C-07F3-47AB-BEE3-22C791D04D87}"
EndProject
Project("{FAE04EC0-301F-11D3-BF4B-00C04F79EFBC}") = "PIM.F3.Integration", "tests\PIM.F3.Integration\PIM.F3.Integration.csproj", "{0CCDC3F7-0FB4-4885-AC18-D83538ACED99}"
EndProject
Project("{2150E333-8FDC-42A3-9474-1A3956D46DE8}") = "tools", "tools", "{96169AFE-64AB-45CD-92BE-2D4D236023AE}"
EndProject
Project("{FAE04EC0-301F-11D3-BF4B-00C04F79EFBC}") = "PIM.FixtureExport", "tools\PIM.FixtureExport\PIM.FixtureExport.csproj", "{3B96171F-11D3-42DB-B011-58D2E10C0FF2}"
EndProject
Project("{FAE04EC0-301F-11D3-BF4B-00C04F79EFBC}") = "PIM.F4.ContractTests", "tests\PIM.F4.ContractTests\PIM.F4.ContractTests.csproj", "{098619FA-1071-4941-8563-33A465915D9B}"
EndProject
Project("{FAE04EC0-301F-11D3-BF4B-00C04F79EFBC}") = "PIM.F4.BehaviorTests", "tests\PIM.F4.BehaviorTests\PIM.F4.BehaviorTests.csproj", "{59A36F0A-9735-4EEA-AD39-C794CD3EEBF4}"
EndProject
Project("{FAE04EC0-301F-11D3-BF4B-00C04F79EFBC}") = "PIM.XmlMapping", "src\PIM.XmlMapping\PIM.XmlMapping.csproj", "{D8874AAE-C90A-45FC-B731-FBDB525F5395}"
EndProject
Project("{FAE04EC0-301F-11D3-BF4B-00C04F79EFBC}") = "PIM.XmlFileWorker", "workers\PIM.XmlFileWorker\PIM.XmlFileWorker.csproj", "{75AE0EEE-9ADD-4419-8A03-63C67748D47B}"
EndProject
Project("{FAE04EC0-301F-11D3-BF4B-00C04F79EFBC}") = "PIM.F5.ContractTests", "tests\PIM.F5.ContractTests\PIM.F5.ContractTests.csproj", "{7D4EC85B-CBD5-4772-8852-36F16B5BE703}"
EndProject
Project("{FAE04EC0-301F-11D3-BF4B-00C04F79EFBC}") = "PIM.F5.BehaviorTests", "tests\PIM.F5.BehaviorTests\PIM.F5.BehaviorTests.csproj", "{230951C7-F845-47AF-8B3E-6AC13E14FC34}"
EndProject
Project("{FAE04EC0-301F-11D3-BF4B-00C04F79EFBC}") = "PIM.F5.Integration", "tests\PIM.F5.Integration\PIM.F5.Integration.csproj", "{F4A2BCF6-C51F-4B15-B7BD-D096B4994EC3}"
EndProject
Project("{FAE04EC0-301F-11D3-BF4B-00C04F79EFBC}") = "PIM.F6.ContractTests", "tests\PIM.F6.ContractTests\PIM.F6.ContractTests.csproj", "{0195F8E5-E234-44A0-A3A5-0B542CAC35B3}"
EndProject
Project("{FAE04EC0-301F-11D3-BF4B-00C04F79EFBC}") = "PIM.StockMapping", "src\PIM.StockMapping\PIM.StockMapping.csproj", "{21CD23A6-5507-4D9E-91B9-5802EF08AD4C}"
EndProject
Project("{FAE04EC0-301F-11D3-BF4B-00C04F79EFBC}") = "PIM.F6.BehaviorTests", "tests\PIM.F6.BehaviorTests\PIM.F6.BehaviorTests.csproj", "{659BFA4A-BC0C-4480-9268-BD3FBB36BF50}"
EndProject
Project("{FAE04EC0-301F-11D3-BF4B-00C04F79EFBC}") = "PIM.StockFileWorker", "workers\PIM.StockFileWorker\PIM.StockFileWorker.csproj", "{27CC201A-2D1C-4EDD-B973-305770B0EABE}"
EndProject
Project("{FAE04EC0-301F-11D3-BF4B-00C04F79EFBC}") = "PIM.F6.FileWorkerTests", "tests\PIM.F6.FileWorkerTests\PIM.F6.FileWorkerTests.csproj", "{FA07BC00-089C-4F92-AEC0-F80935B3FD5A}"
EndProject
Project("{FAE04EC0-301F-11D3-BF4B-00C04F79EFBC}") = "PIM.SaopStockWorker", "workers\PIM.SaopStockWorker\PIM.SaopStockWorker.csproj", "{86CA2D63-7C00-4BBC-B93E-46079E5CA985}"
EndProject
Project("{FAE04EC0-301F-11D3-BF4B-00C04F79EFBC}") = "PIM.F6.SaopProviderTests", "tests\PIM.F6.SaopProviderTests\PIM.F6.SaopProviderTests.csproj", "{0C4ABF0E-2E4A-47A5-A5D9-5CD2C3113B91}"
EndProject
Project("{FAE04EC0-301F-11D3-BF4B-00C04F79EFBC}") = "PIM.F6.Integration", "tests\PIM.F6.Integration\PIM.F6.Integration.csproj", "{D604236C-A04E-459F-88AE-0AA46B642732}"
EndProject
Project("{FAE04EC0-301F-11D3-BF4B-00C04F79EFBC}") = "PIM.F7.ContractTests", "tests\PIM.F7.ContractTests\PIM.F7.ContractTests.csproj", "{D46FF2CD-23F8-444B-AE8B-0F11EABDB3E0}"
EndProject
Project("{FAE04EC0-301F-11D3-BF4B-00C04F79EFBC}") = "PIM.B2b", "src\PIM.B2b\PIM.B2b.csproj", "{D64EF9C6-C5E6-490E-A1D5-BC60F26765CD}"
EndProject
Project("{FAE04EC0-301F-11D3-BF4B-00C04F79EFBC}") = "PIM.F7.BehaviorTests", "tests\PIM.F7.BehaviorTests\PIM.F7.BehaviorTests.csproj", "{6C525F32-2063-48E7-B252-18DFBB38722E}"
EndProject
Project("{2150E333-8FDC-42A3-9474-1A3956D46DE8}") = "workers", "workers", "{20543853-AF10-B830-2A3D-9FE9F6ECBF6C}"
EndProject
Project("{FAE04EC0-301F-11D3-BF4B-00C04F79EFBC}") = "PIM.B2bWorker", "workers\PIM.B2bWorker\PIM.B2bWorker.csproj", "{C58280E9-339D-43ED-860D-AD98D4C7CA1E}"
EndProject
Project("{FAE04EC0-301F-11D3-BF4B-00C04F79EFBC}") = "PIM.F7.MappingTests", "tests\PIM.F7.MappingTests\PIM.F7.MappingTests.csproj", "{E1CCCF80-7082-4940-827D-20EBE46D6CBD}"
EndProject
Project("{FAE04EC0-301F-11D3-BF4B-00C04F79EFBC}") = "PIM.F7.Integration", "tests\PIM.F7.Integration\PIM.F7.Integration.csproj", "{02CF66FF-C972-4B53-9BFF-14D3ED7D8B5B}"
EndProject
Project("{FAE04EC0-301F-11D3-BF4B-00C04F79EFBC}") = "PIM.F8.ContractTests", "tests\PIM.F8.ContractTests\PIM.F8.ContractTests.csproj", "{EDA96664-3318-499E-91A7-40E72FCAC7D4}"
EndProject
Project("{FAE04EC0-301F-11D3-BF4B-00C04F79EFBC}") = "PIM.F8.BehaviorTests", "tests\PIM.F8.BehaviorTests\PIM.F8.BehaviorTests.csproj", "{7BFBC753-BCD3-4CDE-B4A1-9C56B659EFB5}"
EndProject
Project("{FAE04EC0-301F-11D3-BF4B-00C04F79EFBC}") = "PIM.Outbound", "src\PIM.Outbound\PIM.Outbound.csproj", "{06DEAADB-63E1-4B3D-9733-3E556BE1269E}"
EndProject
Project("{FAE04EC0-301F-11D3-BF4B-00C04F79EFBC}") = "PIM.F8.DispatcherTests", "tests\PIM.F8.DispatcherTests\PIM.F8.DispatcherTests.csproj", "{0F670FED-85B9-43AA-BC23-8080F8F840C3}"
EndProject
Project("{FAE04EC0-301F-11D3-BF4B-00C04F79EFBC}") = "PIM.OutboxDispatcher", "workers\PIM.OutboxDispatcher\PIM.OutboxDispatcher.csproj", "{E2FF9096-ED9E-4EDC-8B32-1ABA245F3C5E}"
EndProject
Project("{FAE04EC0-301F-11D3-BF4B-00C04F79EFBC}") = "PIM.F8.EchoTests", "tests\PIM.F8.EchoTests\PIM.F8.EchoTests.csproj", "{A8E58451-1A92-438C-A3E0-08EAA0DC4E47}"
EndProject
Project("{FAE04EC0-301F-11D3-BF4B-00C04F79EFBC}") = "PIM.F8.IntranetTests", "tests\PIM.F8.IntranetTests\PIM.F8.IntranetTests.csproj", "{8920C7D0-0190-4918-B29E-44926531DFAB}"
EndProject
Project("{FAE04EC0-301F-11D3-BF4B-00C04F79EFBC}") = "PIM.F8.Integration", "tests\PIM.F8.Integration\PIM.F8.Integration.csproj", "{530C1DF0-D86E-4A30-9D19-51E2FF6451F3}"
EndProject
Global
	GlobalSection(SolutionConfigurationPlatforms) = preSolution
		Debug|Any CPU = Debug|Any CPU
		Debug|x64 = Debug|x64
		Debug|x86 = Debug|x86
		Release|Any CPU = Release|Any CPU
		Release|x64 = Release|x64
		Release|x86 = Release|x86
	EndGlobalSection
	GlobalSection(ProjectConfigurationPlatforms) = postSolution
		{73EBE5E8-D38D-4ED2-97BC-89F09EDA67BE}.Debug|Any CPU.ActiveCfg = Debug|Any CPU
		{73EBE5E8-D38D-4ED2-97BC-89F09EDA67BE}.Debug|Any CPU.Build.0 = Debug|Any CPU
		{73EBE5E8-D38D-4ED2-97BC-89F09EDA67BE}.Debug|x64.ActiveCfg = Debug|Any CPU
		{73EBE5E8-D38D-4ED2-97BC-89F09EDA67BE}.Debug|x64.Build.0 = Debug|Any CPU
		{73EBE5E8-D38D-4ED2-97BC-89F09EDA67BE}.Debug|x86.ActiveCfg = Debug|Any CPU
		{73EBE5E8-D38D-4ED2-97BC-89F09EDA67BE}.Debug|x86.Build.0 = Debug|Any CPU
		{73EBE5E8-D38D-4ED2-97BC-89F09EDA67BE}.Release|Any CPU.ActiveCfg = Release|Any CPU
		{73EBE5E8-D38D-4ED2-97BC-89F09EDA67BE}.Release|Any CPU.Build.0 = Release|Any CPU
		{73EBE5E8-D38D-4ED2-97BC-89F09EDA67BE}.Release|x64.ActiveCfg = Release|Any CPU
		{73EBE5E8-D38D-4ED2-97BC-89F09EDA67BE}.Release|x64.Build.0 = Release|Any CPU
		{73EBE5E8-D38D-4ED2-97BC-89F09EDA67BE}.Release|x86.ActiveCfg = Release|Any CPU
		{73EBE5E8-D38D-4ED2-97BC-89F09EDA67BE}.Release|x86.Build.0 = Release|Any CPU
		{B910DE0D-DCCC-478A-8736-6B1E50B3F56D}.Debug|Any CPU.ActiveCfg = Debug|Any CPU
		{B910DE0D-DCCC-478A-8736-6B1E50B3F56D}.Debug|Any CPU.Build.0 = Debug|Any CPU
		{B910DE0D-DCCC-478A-8736-6B1E50B3F56D}.Debug|x64.ActiveCfg = Debug|Any CPU
		{B910DE0D-DCCC-478A-8736-6B1E50B3F56D}.Debug|x64.Build.0 = Debug|Any CPU
		{B910DE0D-DCCC-478A-8736-6B1E50B3F56D}.Debug|x86.ActiveCfg = Debug|Any CPU
		{B910DE0D-DCCC-478A-8736-6B1E50B3F56D}.Debug|x86.Build.0 = Debug|Any CPU
		{B910DE0D-DCCC-478A-8736-6B1E50B3F56D}.Release|Any CPU.ActiveCfg = Release|Any CPU
		{B910DE0D-DCCC-478A-8736-6B1E50B3F56D}.Release|Any CPU.Build.0 = Release|Any CPU
		{B910DE0D-DCCC-478A-8736-6B1E50B3F56D}.Release|x64.ActiveCfg = Release|Any CPU
		{B910DE0D-DCCC-478A-8736-6B1E50B3F56D}.Release|x64.Build.0 = Release|Any CPU
		{B910DE0D-DCCC-478A-8736-6B1E50B3F56D}.Release|x86.ActiveCfg = Release|Any CPU
		{B910DE0D-DCCC-478A-8736-6B1E50B3F56D}.Release|x86.Build.0 = Release|Any CPU
		{A6795678-CB31-4B14-A009-504BB3020945}.Debug|Any CPU.ActiveCfg = Debug|Any CPU
		{A6795678-CB31-4B14-A009-504BB3020945}.Debug|Any CPU.Build.0 = Debug|Any CPU
		{A6795678-CB31-4B14-A009-504BB3020945}.Debug|x64.ActiveCfg = Debug|Any CPU
		{A6795678-CB31-4B14-A009-504BB3020945}.Debug|x64.Build.0 = Debug|Any CPU
		{A6795678-CB31-4B14-A009-504BB3020945}.Debug|x86.ActiveCfg = Debug|Any CPU
		{A6795678-CB31-4B14-A009-504BB3020945}.Debug|x86.Build.0 = Debug|Any CPU
		{A6795678-CB31-4B14-A009-504BB3020945}.Release|Any CPU.ActiveCfg = Release|Any CPU
		{A6795678-CB31-4B14-A009-504BB3020945}.Release|Any CPU.Build.0 = Release|Any CPU
		{A6795678-CB31-4B14-A009-504BB3020945}.Release|x64.ActiveCfg = Release|Any CPU
		{A6795678-CB31-4B14-A009-504BB3020945}.Release|x64.Build.0 = Release|Any CPU
		{A6795678-CB31-4B14-A009-504BB3020945}.Release|x86.ActiveCfg = Release|Any CPU
		{A6795678-CB31-4B14-A009-504BB3020945}.Release|x86.Build.0 = Release|Any CPU
		{35AC64B1-7565-4F16-81D9-2BB8588023AF}.Debug|Any CPU.ActiveCfg = Debug|Any CPU
		{35AC64B1-7565-4F16-81D9-2BB8588023AF}.Debug|Any CPU.Build.0 = Debug|Any CPU
		{35AC64B1-7565-4F16-81D9-2BB8588023AF}.Debug|x64.ActiveCfg = Debug|Any CPU
		{35AC64B1-7565-4F16-81D9-2BB8588023AF}.Debug|x64.Build.0 = Debug|Any CPU
		{35AC64B1-7565-4F16-81D9-2BB8588023AF}.Debug|x86.ActiveCfg = Debug|Any CPU
		{35AC64B1-7565-4F16-81D9-2BB8588023AF}.Debug|x86.Build.0 = Debug|Any CPU
		{35AC64B1-7565-4F16-81D9-2BB8588023AF}.Release|Any CPU.ActiveCfg = Release|Any CPU
		{35AC64B1-7565-4F16-81D9-2BB8588023AF}.Release|Any CPU.Build.0 = Release|Any CPU
		{35AC64B1-7565-4F16-81D9-2BB8588023AF}.Release|x64.ActiveCfg = Release|Any CPU
		{35AC64B1-7565-4F16-81D9-2BB8588023AF}.Release|x64.Build.0 = Release|Any CPU
		{35AC64B1-7565-4F16-81D9-2BB8588023AF}.Release|x86.ActiveCfg = Release|Any CPU
		{35AC64B1-7565-4F16-81D9-2BB8588023AF}.Release|x86.Build.0 = Release|Any CPU
		{1BF51539-6F58-4D1E-8CAA-97A9CCFEC22F}.Debug|Any CPU.ActiveCfg = Debug|Any CPU
		{1BF51539-6F58-4D1E-8CAA-97A9CCFEC22F}.Debug|Any CPU.Build.0 = Debug|Any CPU
		{1BF51539-6F58-4D1E-8CAA-97A9CCFEC22F}.Debug|x64.ActiveCfg = Debug|Any CPU
		{1BF51539-6F58-4D1E-8CAA-97A9CCFEC22F}.Debug|x64.Build.0 = Debug|Any CPU
		{1BF51539-6F58-4D1E-8CAA-97A9CCFEC22F}.Debug|x86.ActiveCfg = Debug|Any CPU
		{1BF51539-6F58-4D1E-8CAA-97A9CCFEC22F}.Debug|x86.Build.0 = Debug|Any CPU
		{1BF51539-6F58-4D1E-8CAA-97A9CCFEC22F}.Release|Any CPU.ActiveCfg = Release|Any CPU
		{1BF51539-6F58-4D1E-8CAA-97A9CCFEC22F}.Release|Any CPU.Build.0 = Release|Any CPU
		{1BF51539-6F58-4D1E-8CAA-97A9CCFEC22F}.Release|x64.ActiveCfg = Release|Any CPU
		{1BF51539-6F58-4D1E-8CAA-97A9CCFEC22F}.Release|x64.Build.0 = Release|Any CPU
		{1BF51539-6F58-4D1E-8CAA-97A9CCFEC22F}.Release|x86.ActiveCfg = Release|Any CPU
		{1BF51539-6F58-4D1E-8CAA-97A9CCFEC22F}.Release|x86.Build.0 = Release|Any CPU
		{8C83A3D2-3405-4892-834C-C4650A14AB78}.Debug|Any CPU.ActiveCfg = Debug|Any CPU
		{8C83A3D2-3405-4892-834C-C4650A14AB78}.Debug|Any CPU.Build.0 = Debug|Any CPU
		{8C83A3D2-3405-4892-834C-C4650A14AB78}.Release|Any CPU.ActiveCfg = Release|Any CPU
		{8C83A3D2-3405-4892-834C-C4650A14AB78}.Release|Any CPU.Build.0 = Release|Any CPU
		{9F940C3D-9295-4BF6-AFB6-9F78E31FB19A}.Debug|Any CPU.ActiveCfg = Debug|Any CPU
		{9F940C3D-9295-4BF6-AFB6-9F78E31FB19A}.Debug|Any CPU.Build.0 = Debug|Any CPU
		{9F940C3D-9295-4BF6-AFB6-9F78E31FB19A}.Release|Any CPU.ActiveCfg = Release|Any CPU
		{9F940C3D-9295-4BF6-AFB6-9F78E31FB19A}.Release|Any CPU.Build.0 = Release|Any CPU
		{E8CF104C-07F3-47AB-BEE3-22C791D04D87}.Debug|Any CPU.ActiveCfg = Debug|Any CPU
		{E8CF104C-07F3-47AB-BEE3-22C791D04D87}.Debug|Any CPU.Build.0 = Debug|Any CPU
		{E8CF104C-07F3-47AB-BEE3-22C791D04D87}.Release|Any CPU.ActiveCfg = Release|Any CPU
		{E8CF104C-07F3-47AB-BEE3-22C791D04D87}.Release|Any CPU.Build.0 = Release|Any CPU
		{0CCDC3F7-0FB4-4885-AC18-D83538ACED99}.Debug|Any CPU.ActiveCfg = Debug|Any CPU
		{0CCDC3F7-0FB4-4885-AC18-D83538ACED99}.Debug|Any CPU.Build.0 = Debug|Any CPU
		{0CCDC3F7-0FB4-4885-AC18-D83538ACED99}.Release|Any CPU.ActiveCfg = Release|Any CPU
		{0CCDC3F7-0FB4-4885-AC18-D83538ACED99}.Release|Any CPU.Build.0 = Release|Any CPU
		{098619FA-1071-4941-8563-33A465915D9B}.Debug|Any CPU.ActiveCfg = Debug|Any CPU
		{098619FA-1071-4941-8563-33A465915D9B}.Debug|Any CPU.Build.0 = Debug|Any CPU
		{098619FA-1071-4941-8563-33A465915D9B}.Debug|x64.ActiveCfg = Debug|Any CPU
		{098619FA-1071-4941-8563-33A465915D9B}.Debug|x64.Build.0 = Debug|Any CPU
		{098619FA-1071-4941-8563-33A465915D9B}.Debug|x86.ActiveCfg = Debug|Any CPU
		{098619FA-1071-4941-8563-33A465915D9B}.Debug|x86.Build.0 = Debug|Any CPU
		{098619FA-1071-4941-8563-33A465915D9B}.Release|Any CPU.ActiveCfg = Release|Any CPU
		{098619FA-1071-4941-8563-33A465915D9B}.Release|Any CPU.Build.0 = Release|Any CPU
		{098619FA-1071-4941-8563-33A465915D9B}.Release|x64.ActiveCfg = Release|Any CPU
		{098619FA-1071-4941-8563-33A465915D9B}.Release|x64.Build.0 = Release|Any CPU
		{098619FA-1071-4941-8563-33A465915D9B}.Release|x86.ActiveCfg = Release|Any CPU
		{098619FA-1071-4941-8563-33A465915D9B}.Release|x86.Build.0 = Release|Any CPU
		{59A36F0A-9735-4EEA-AD39-C794CD3EEBF4}.Debug|Any CPU.ActiveCfg = Debug|Any CPU
		{59A36F0A-9735-4EEA-AD39-C794CD3EEBF4}.Debug|Any CPU.Build.0 = Debug|Any CPU
		{59A36F0A-9735-4EEA-AD39-C794CD3EEBF4}.Debug|x64.ActiveCfg = Debug|Any CPU
		{59A36F0A-9735-4EEA-AD39-C794CD3EEBF4}.Debug|x64.Build.0 = Debug|Any CPU
		{59A36F0A-9735-4EEA-AD39-C794CD3EEBF4}.Debug|x86.ActiveCfg = Debug|Any CPU
		{59A36F0A-9735-4EEA-AD39-C794CD3EEBF4}.Debug|x86.Build.0 = Debug|Any CPU
		{59A36F0A-9735-4EEA-AD39-C794CD3EEBF4}.Release|Any CPU.ActiveCfg = Release|Any CPU
		{59A36F0A-9735-4EEA-AD39-C794CD3EEBF4}.Release|Any CPU.Build.0 = Release|Any CPU
		{59A36F0A-9735-4EEA-AD39-C794CD3EEBF4}.Release|x64.ActiveCfg = Release|Any CPU
		{59A36F0A-9735-4EEA-AD39-C794CD3EEBF4}.Release|x64.Build.0 = Release|Any CPU
		{59A36F0A-9735-4EEA-AD39-C794CD3EEBF4}.Release|x86.ActiveCfg = Release|Any CPU
		{59A36F0A-9735-4EEA-AD39-C794CD3EEBF4}.Release|x86.Build.0 = Release|Any CPU
		{D8874AAE-C90A-45FC-B731-FBDB525F5395}.Debug|Any CPU.ActiveCfg = Debug|Any CPU
		{D8874AAE-C90A-45FC-B731-FBDB525F5395}.Debug|Any CPU.Build.0 = Debug|Any CPU
		{D8874AAE-C90A-45FC-B731-FBDB525F5395}.Debug|x64.ActiveCfg = Debug|Any CPU
		{D8874AAE-C90A-45FC-B731-FBDB525F5395}.Debug|x64.Build.0 = Debug|Any CPU
		{D8874AAE-C90A-45FC-B731-FBDB525F5395}.Debug|x86.ActiveCfg = Debug|Any CPU
		{D8874AAE-C90A-45FC-B731-FBDB525F5395}.Debug|x86.Build.0 = Debug|Any CPU
		{D8874AAE-C90A-45FC-B731-FBDB525F5395}.Release|Any CPU.ActiveCfg = Release|Any CPU
		{D8874AAE-C90A-45FC-B731-FBDB525F5395}.Release|Any CPU.Build.0 = Release|Any CPU
		{D8874AAE-C90A-45FC-B731-FBDB525F5395}.Release|x64.ActiveCfg = Release|Any CPU
		{D8874AAE-C90A-45FC-B731-FBDB525F5395}.Release|x64.Build.0 = Release|Any CPU
		{D8874AAE-C90A-45FC-B731-FBDB525F5395}.Release|x86.ActiveCfg = Release|Any CPU
		{D8874AAE-C90A-45FC-B731-FBDB525F5395}.Release|x86.Build.0 = Release|Any CPU
		{75AE0EEE-9ADD-4419-8A03-63C67748D47B}.Debug|Any CPU.ActiveCfg = Debug|Any CPU
		{75AE0EEE-9ADD-4419-8A03-63C67748D47B}.Debug|Any CPU.Build.0 = Debug|Any CPU
		{75AE0EEE-9ADD-4419-8A03-63C67748D47B}.Debug|x64.ActiveCfg = Debug|Any CPU
		{75AE0EEE-9ADD-4419-8A03-63C67748D47B}.Debug|x64.Build.0 = Debug|Any CPU
		{75AE0EEE-9ADD-4419-8A03-63C67748D47B}.Debug|x86.ActiveCfg = Debug|Any CPU
		{75AE0EEE-9ADD-4419-8A03-63C67748D47B}.Debug|x86.Build.0 = Debug|Any CPU
		{75AE0EEE-9ADD-4419-8A03-63C67748D47B}.Release|Any CPU.ActiveCfg = Release|Any CPU
		{75AE0EEE-9ADD-4419-8A03-63C67748D47B}.Release|Any CPU.Build.0 = Release|Any CPU
		{75AE0EEE-9ADD-4419-8A03-63C67748D47B}.Release|x64.ActiveCfg = Release|Any CPU
		{75AE0EEE-9ADD-4419-8A03-63C67748D47B}.Release|x64.Build.0 = Release|Any CPU
		{75AE0EEE-9ADD-4419-8A03-63C67748D47B}.Release|x86.ActiveCfg = Release|Any CPU
		{75AE0EEE-9ADD-4419-8A03-63C67748D47B}.Release|x86.Build.0 = Release|Any CPU
		{7D4EC85B-CBD5-4772-8852-36F16B5BE703}.Debug|Any CPU.ActiveCfg = Debug|Any CPU
		{7D4EC85B-CBD5-4772-8852-36F16B5BE703}.Debug|Any CPU.Build.0 = Debug|Any CPU
		{7D4EC85B-CBD5-4772-8852-36F16B5BE703}.Debug|x64.ActiveCfg = Debug|Any CPU
		{7D4EC85B-CBD5-4772-8852-36F16B5BE703}.Debug|x64.Build.0 = Debug|Any CPU
		{7D4EC85B-CBD5-4772-8852-36F16B5BE703}.Debug|x86.ActiveCfg = Debug|Any CPU
		{7D4EC85B-CBD5-4772-8852-36F16B5BE703}.Debug|x86.Build.0 = Debug|Any CPU
		{7D4EC85B-CBD5-4772-8852-36F16B5BE703}.Release|Any CPU.ActiveCfg = Release|Any CPU
		{7D4EC85B-CBD5-4772-8852-36F16B5BE703}.Release|Any CPU.Build.0 = Release|Any CPU
		{7D4EC85B-CBD5-4772-8852-36F16B5BE703}.Release|x64.ActiveCfg = Release|Any CPU
		{7D4EC85B-CBD5-4772-8852-36F16B5BE703}.Release|x64.Build.0 = Release|Any CPU
		{7D4EC85B-CBD5-4772-8852-36F16B5BE703}.Release|x86.ActiveCfg = Release|Any CPU
		{7D4EC85B-CBD5-4772-8852-36F16B5BE703}.Release|x86.Build.0 = Release|Any CPU
		{230951C7-F845-47AF-8B3E-6AC13E14FC34}.Debug|Any CPU.ActiveCfg = Debug|Any CPU
		{230951C7-F845-47AF-8B3E-6AC13E14FC34}.Debug|Any CPU.Build.0 = Debug|Any CPU
		{230951C7-F845-47AF-8B3E-6AC13E14FC34}.Debug|x64.ActiveCfg = Debug|Any CPU
		{230951C7-F845-47AF-8B3E-6AC13E14FC34}.Debug|x64.Build.0 = Debug|Any CPU
		{230951C7-F845-47AF-8B3E-6AC13E14FC34}.Debug|x86.ActiveCfg = Debug|Any CPU
		{230951C7-F845-47AF-8B3E-6AC13E14FC34}.Debug|x86.Build.0 = Debug|Any CPU
		{230951C7-F845-47AF-8B3E-6AC13E14FC34}.Release|Any CPU.ActiveCfg = Release|Any CPU
		{230951C7-F845-47AF-8B3E-6AC13E14FC34}.Release|Any CPU.Build.0 = Release|Any CPU
		{230951C7-F845-47AF-8B3E-6AC13E14FC34}.Release|x64.ActiveCfg = Release|Any CPU
		{230951C7-F845-47AF-8B3E-6AC13E14FC34}.Release|x64.Build.0 = Release|Any CPU
		{230951C7-F845-47AF-8B3E-6AC13E14FC34}.Release|x86.ActiveCfg = Release|Any CPU
		{230951C7-F845-47AF-8B3E-6AC13E14FC34}.Release|x86.Build.0 = Release|Any CPU
		{F4A2BCF6-C51F-4B15-B7BD-D096B4994EC3}.Debug|Any CPU.ActiveCfg = Debug|Any CPU
		{F4A2BCF6-C51F-4B15-B7BD-D096B4994EC3}.Debug|Any CPU.Build.0 = Debug|Any CPU
		{F4A2BCF6-C51F-4B15-B7BD-D096B4994EC3}.Debug|x64.ActiveCfg = Debug|Any CPU
		{F4A2BCF6-C51F-4B15-B7BD-D096B4994EC3}.Debug|x64.Build.0 = Debug|Any CPU
		{F4A2BCF6-C51F-4B15-B7BD-D096B4994EC3}.Debug|x86.ActiveCfg = Debug|Any CPU
		{F4A2BCF6-C51F-4B15-B7BD-D096B4994EC3}.Debug|x86.Build.0 = Debug|Any CPU
		{F4A2BCF6-C51F-4B15-B7BD-D096B4994EC3}.Release|Any CPU.ActiveCfg = Release|Any CPU
		{F4A2BCF6-C51F-4B15-B7BD-D096B4994EC3}.Release|Any CPU.Build.0 = Release|Any CPU
		{F4A2BCF6-C51F-4B15-B7BD-D096B4994EC3}.Release|x64.ActiveCfg = Release|Any CPU
		{F4A2BCF6-C51F-4B15-B7BD-D096B4994EC3}.Release|x64.Build.0 = Release|Any CPU
		{F4A2BCF6-C51F-4B15-B7BD-D096B4994EC3}.Release|x86.ActiveCfg = Release|Any CPU
		{F4A2BCF6-C51F-4B15-B7BD-D096B4994EC3}.Release|x86.Build.0 = Release|Any CPU
		{0195F8E5-E234-44A0-A3A5-0B542CAC35B3}.Debug|Any CPU.ActiveCfg = Debug|Any CPU
		{0195F8E5-E234-44A0-A3A5-0B542CAC35B3}.Debug|Any CPU.Build.0 = Debug|Any CPU
		{0195F8E5-E234-44A0-A3A5-0B542CAC35B3}.Debug|x64.ActiveCfg = Debug|Any CPU
		{0195F8E5-E234-44A0-A3A5-0B542CAC35B3}.Debug|x64.Build.0 = Debug|Any CPU
		{0195F8E5-E234-44A0-A3A5-0B542CAC35B3}.Debug|x86.ActiveCfg = Debug|Any CPU
		{0195F8E5-E234-44A0-A3A5-0B542CAC35B3}.Debug|x86.Build.0 = Debug|Any CPU
		{0195F8E5-E234-44A0-A3A5-0B542CAC35B3}.Release|Any CPU.ActiveCfg = Release|Any CPU
		{0195F8E5-E234-44A0-A3A5-0B542CAC35B3}.Release|Any CPU.Build.0 = Release|Any CPU
		{0195F8E5-E234-44A0-A3A5-0B542CAC35B3}.Release|x64.ActiveCfg = Release|Any CPU
		{0195F8E5-E234-44A0-A3A5-0B542CAC35B3}.Release|x64.Build.0 = Release|Any CPU
		{0195F8E5-E234-44A0-A3A5-0B542CAC35B3}.Release|x86.ActiveCfg = Release|Any CPU
		{0195F8E5-E234-44A0-A3A5-0B542CAC35B3}.Release|x86.Build.0 = Release|Any CPU
		{21CD23A6-5507-4D9E-91B9-5802EF08AD4C}.Debug|Any CPU.ActiveCfg = Debug|Any CPU
		{21CD23A6-5507-4D9E-91B9-5802EF08AD4C}.Debug|Any CPU.Build.0 = Debug|Any CPU
		{21CD23A6-5507-4D9E-91B9-5802EF08AD4C}.Debug|x64.ActiveCfg = Debug|Any CPU
		{21CD23A6-5507-4D9E-91B9-5802EF08AD4C}.Debug|x64.Build.0 = Debug|Any CPU
		{21CD23A6-5507-4D9E-91B9-5802EF08AD4C}.Debug|x86.ActiveCfg = Debug|Any CPU
		{21CD23A6-5507-4D9E-91B9-5802EF08AD4C}.Debug|x86.Build.0 = Debug|Any CPU
		{21CD23A6-5507-4D9E-91B9-5802EF08AD4C}.Release|Any CPU.ActiveCfg = Release|Any CPU
		{21CD23A6-5507-4D9E-91B9-5802EF08AD4C}.Release|Any CPU.Build.0 = Release|Any CPU
		{21CD23A6-5507-4D9E-91B9-5802EF08AD4C}.Release|x64.ActiveCfg = Release|Any CPU
		{21CD23A6-5507-4D9E-91B9-5802EF08AD4C}.Release|x64.Build.0 = Release|Any CPU
		{21CD23A6-5507-4D9E-91B9-5802EF08AD4C}.Release|x86.ActiveCfg = Release|Any CPU
		{21CD23A6-5507-4D9E-91B9-5802EF08AD4C}.Release|x86.Build.0 = Release|Any CPU
		{659BFA4A-BC0C-4480-9268-BD3FBB36BF50}.Debug|Any CPU.ActiveCfg = Debug|Any CPU
		{659BFA4A-BC0C-4480-9268-BD3FBB36BF50}.Debug|Any CPU.Build.0 = Debug|Any CPU
		{659BFA4A-BC0C-4480-9268-BD3FBB36BF50}.Debug|x64.ActiveCfg = Debug|Any CPU
		{659BFA4A-BC0C-4480-9268-BD3FBB36BF50}.Debug|x64.Build.0 = Debug|Any CPU
		{659BFA4A-BC0C-4480-9268-BD3FBB36BF50}.Debug|x86.ActiveCfg = Debug|Any CPU
		{659BFA4A-BC0C-4480-9268-BD3FBB36BF50}.Debug|x86.Build.0 = Debug|Any CPU
		{659BFA4A-BC0C-4480-9268-BD3FBB36BF50}.Release|Any CPU.ActiveCfg = Release|Any CPU
		{659BFA4A-BC0C-4480-9268-BD3FBB36BF50}.Release|Any CPU.Build.0 = Release|Any CPU
		{659BFA4A-BC0C-4480-9268-BD3FBB36BF50}.Release|x64.ActiveCfg = Release|Any CPU
		{659BFA4A-BC0C-4480-9268-BD3FBB36BF50}.Release|x64.Build.0 = Release|Any CPU
		{659BFA4A-BC0C-4480-9268-BD3FBB36BF50}.Release|x86.ActiveCfg = Release|Any CPU
		{659BFA4A-BC0C-4480-9268-BD3FBB36BF50}.Release|x86.Build.0 = Release|Any CPU
		{27CC201A-2D1C-4EDD-B973-305770B0EABE}.Debug|Any CPU.ActiveCfg = Debug|Any CPU
		{27CC201A-2D1C-4EDD-B973-305770B0EABE}.Debug|Any CPU.Build.0 = Debug|Any CPU
		{27CC201A-2D1C-4EDD-B973-305770B0EABE}.Debug|x64.ActiveCfg = Debug|Any CPU
		{27CC201A-2D1C-4EDD-B973-305770B0EABE}.Debug|x64.Build.0 = Debug|Any CPU
		{27CC201A-2D1C-4EDD-B973-305770B0EABE}.Debug|x86.ActiveCfg = Debug|Any CPU
		{27CC201A-2D1C-4EDD-B973-305770B0EABE}.Debug|x86.Build.0 = Debug|Any CPU
		{27CC201A-2D1C-4EDD-B973-305770B0EABE}.Release|Any CPU.ActiveCfg = Release|Any CPU
		{27CC201A-2D1C-4EDD-B973-305770B0EABE}.Release|Any CPU.Build.0 = Release|Any CPU
		{27CC201A-2D1C-4EDD-B973-305770B0EABE}.Release|x64.ActiveCfg = Release|Any CPU
		{27CC201A-2D1C-4EDD-B973-305770B0EABE}.Release|x64.Build.0 = Release|Any CPU
		{27CC201A-2D1C-4EDD-B973-305770B0EABE}.Release|x86.ActiveCfg = Release|Any CPU
		{27CC201A-2D1C-4EDD-B973-305770B0EABE}.Release|x86.Build.0 = Release|Any CPU
		{FA07BC00-089C-4F92-AEC0-F80935B3FD5A}.Debug|Any CPU.ActiveCfg = Debug|Any CPU
		{FA07BC00-089C-4F92-AEC0-F80935B3FD5A}.Debug|Any CPU.Build.0 = Debug|Any CPU
		{FA07BC00-089C-4F92-AEC0-F80935B3FD5A}.Debug|x64.ActiveCfg = Debug|Any CPU
		{FA07BC00-089C-4F92-AEC0-F80935B3FD5A}.Debug|x64.Build.0 = Debug|Any CPU
		{FA07BC00-089C-4F92-AEC0-F80935B3FD5A}.Debug|x86.ActiveCfg = Debug|Any CPU
		{FA07BC00-089C-4F92-AEC0-F80935B3FD5A}.Debug|x86.Build.0 = Debug|Any CPU
		{FA07BC00-089C-4F92-AEC0-F80935B3FD5A}.Release|Any CPU.ActiveCfg = Release|Any CPU
		{FA07BC00-089C-4F92-AEC0-F80935B3FD5A}.Release|Any CPU.Build.0 = Release|Any CPU
		{FA07BC00-089C-4F92-AEC0-F80935B3FD5A}.Release|x64.ActiveCfg = Release|Any CPU
		{FA07BC00-089C-4F92-AEC0-F80935B3FD5A}.Release|x64.Build.0 = Release|Any CPU
		{FA07BC00-089C-4F92-AEC0-F80935B3FD5A}.Release|x86.ActiveCfg = Release|Any CPU
		{FA07BC00-089C-4F92-AEC0-F80935B3FD5A}.Release|x86.Build.0 = Release|Any CPU
		{86CA2D63-7C00-4BBC-B93E-46079E5CA985}.Debug|Any CPU.ActiveCfg = Debug|Any CPU
		{86CA2D63-7C00-4BBC-B93E-46079E5CA985}.Debug|Any CPU.Build.0 = Debug|Any CPU
		{86CA2D63-7C00-4BBC-B93E-46079E5CA985}.Debug|x64.ActiveCfg = Debug|Any CPU
		{86CA2D63-7C00-4BBC-B93E-46079E5CA985}.Debug|x64.Build.0 = Debug|Any CPU
		{86CA2D63-7C00-4BBC-B93E-46079E5CA985}.Debug|x86.ActiveCfg = Debug|Any CPU
		{86CA2D63-7C00-4BBC-B93E-46079E5CA985}.Debug|x86.Build.0 = Debug|Any CPU
		{86CA2D63-7C00-4BBC-B93E-46079E5CA985}.Release|Any CPU.ActiveCfg = Release|Any CPU
		{86CA2D63-7C00-4BBC-B93E-46079E5CA985}.Release|Any CPU.Build.0 = Release|Any CPU
		{86CA2D63-7C00-4BBC-B93E-46079E5CA985}.Release|x64.ActiveCfg = Release|Any CPU
		{86CA2D63-7C00-4BBC-B93E-46079E5CA985}.Release|x64.Build.0 = Release|Any CPU
		{86CA2D63-7C00-4BBC-B93E-46079E5CA985}.Release|x86.ActiveCfg = Release|Any CPU
		{86CA2D63-7C00-4BBC-B93E-46079E5CA985}.Release|x86.Build.0 = Release|Any CPU
		{0C4ABF0E-2E4A-47A5-A5D9-5CD2C3113B91}.Debug|Any CPU.ActiveCfg = Debug|Any CPU
		{0C4ABF0E-2E4A-47A5-A5D9-5CD2C3113B91}.Debug|Any CPU.Build.0 = Debug|Any CPU
		{0C4ABF0E-2E4A-47A5-A5D9-5CD2C3113B91}.Debug|x64.ActiveCfg = Debug|Any CPU
		{0C4ABF0E-2E4A-47A5-A5D9-5CD2C3113B91}.Debug|x64.Build.0 = Debug|Any CPU
		{0C4ABF0E-2E4A-47A5-A5D9-5CD2C3113B91}.Debug|x86.ActiveCfg = Debug|Any CPU
		{0C4ABF0E-2E4A-47A5-A5D9-5CD2C3113B91}.Debug|x86.Build.0 = Debug|Any CPU
		{0C4ABF0E-2E4A-47A5-A5D9-5CD2C3113B91}.Release|Any CPU.ActiveCfg = Release|Any CPU
		{0C4ABF0E-2E4A-47A5-A5D9-5CD2C3113B91}.Release|Any CPU.Build.0 = Release|Any CPU
		{0C4ABF0E-2E4A-47A5-A5D9-5CD2C3113B91}.Release|x64.ActiveCfg = Release|Any CPU
		{0C4ABF0E-2E4A-47A5-A5D9-5CD2C3113B91}.Release|x64.Build.0 = Release|Any CPU
		{0C4ABF0E-2E4A-47A5-A5D9-5CD2C3113B91}.Release|x86.ActiveCfg = Release|Any CPU
		{0C4ABF0E-2E4A-47A5-A5D9-5CD2C3113B91}.Release|x86.Build.0 = Release|Any CPU
		{D604236C-A04E-459F-88AE-0AA46B642732}.Debug|Any CPU.ActiveCfg = Debug|Any CPU
		{D604236C-A04E-459F-88AE-0AA46B642732}.Debug|Any CPU.Build.0 = Debug|Any CPU
		{D604236C-A04E-459F-88AE-0AA46B642732}.Debug|x64.ActiveCfg = Debug|Any CPU
		{D604236C-A04E-459F-88AE-0AA46B642732}.Debug|x64.Build.0 = Debug|Any CPU
		{D604236C-A04E-459F-88AE-0AA46B642732}.Debug|x86.ActiveCfg = Debug|Any CPU
		{D604236C-A04E-459F-88AE-0AA46B642732}.Debug|x86.Build.0 = Debug|Any CPU
		{D604236C-A04E-459F-88AE-0AA46B642732}.Release|Any CPU.ActiveCfg = Release|Any CPU
		{D604236C-A04E-459F-88AE-0AA46B642732}.Release|Any CPU.Build.0 = Release|Any CPU
		{D604236C-A04E-459F-88AE-0AA46B642732}.Release|x64.ActiveCfg = Release|Any CPU
		{D604236C-A04E-459F-88AE-0AA46B642732}.Release|x64.Build.0 = Release|Any CPU
		{D604236C-A04E-459F-88AE-0AA46B642732}.Release|x86.ActiveCfg = Release|Any CPU
		{D604236C-A04E-459F-88AE-0AA46B642732}.Release|x86.Build.0 = Release|Any CPU
		{D46FF2CD-23F8-444B-AE8B-0F11EABDB3E0}.Debug|Any CPU.ActiveCfg = Debug|Any CPU
		{D46FF2CD-23F8-444B-AE8B-0F11EABDB3E0}.Debug|Any CPU.Build.0 = Debug|Any CPU
		{D46FF2CD-23F8-444B-AE8B-0F11EABDB3E0}.Debug|x64.ActiveCfg = Debug|Any CPU
		{D46FF2CD-23F8-444B-AE8B-0F11EABDB3E0}.Debug|x64.Build.0 = Debug|Any CPU
		{D46FF2CD-23F8-444B-AE8B-0F11EABDB3E0}.Debug|x86.ActiveCfg = Debug|Any CPU
		{D46FF2CD-23F8-444B-AE8B-0F11EABDB3E0}.Debug|x86.Build.0 = Debug|Any CPU
		{D46FF2CD-23F8-444B-AE8B-0F11EABDB3E0}.Release|Any CPU.ActiveCfg = Release|Any CPU
		{D46FF2CD-23F8-444B-AE8B-0F11EABDB3E0}.Release|Any CPU.Build.0 = Release|Any CPU
		{D46FF2CD-23F8-444B-AE8B-0F11EABDB3E0}.Release|x64.ActiveCfg = Release|Any CPU
		{D46FF2CD-23F8-444B-AE8B-0F11EABDB3E0}.Release|x64.Build.0 = Release|Any CPU
		{D46FF2CD-23F8-444B-AE8B-0F11EABDB3E0}.Release|x86.ActiveCfg = Release|Any CPU
		{D46FF2CD-23F8-444B-AE8B-0F11EABDB3E0}.Release|x86.Build.0 = Release|Any CPU
		{D64EF9C6-C5E6-490E-A1D5-BC60F26765CD}.Debug|Any CPU.ActiveCfg = Debug|Any CPU
		{D64EF9C6-C5E6-490E-A1D5-BC60F26765CD}.Debug|Any CPU.Build.0 = Debug|Any CPU
		{D64EF9C6-C5E6-490E-A1D5-BC60F26765CD}.Debug|x64.ActiveCfg = Debug|Any CPU
		{D64EF9C6-C5E6-490E-A1D5-BC60F26765CD}.Debug|x64.Build.0 = Debug|Any CPU
		{D64EF9C6-C5E6-490E-A1D5-BC60F26765CD}.Debug|x86.ActiveCfg = Debug|Any CPU
		{D64EF9C6-C5E6-490E-A1D5-BC60F26765CD}.Debug|x86.Build.0 = Debug|Any CPU
		{D64EF9C6-C5E6-490E-A1D5-BC60F26765CD}.Release|Any CPU.ActiveCfg = Release|Any CPU
		{D64EF9C6-C5E6-490E-A1D5-BC60F26765CD}.Release|Any CPU.Build.0 = Release|Any CPU
		{D64EF9C6-C5E6-490E-A1D5-BC60F26765CD}.Release|x64.ActiveCfg = Release|Any CPU
		{D64EF9C6-C5E6-490E-A1D5-BC60F26765CD}.Release|x64.Build.0 = Release|Any CPU
		{D64EF9C6-C5E6-490E-A1D5-BC60F26765CD}.Release|x86.ActiveCfg = Release|Any CPU
		{D64EF9C6-C5E6-490E-A1D5-BC60F26765CD}.Release|x86.Build.0 = Release|Any CPU
		{6C525F32-2063-48E7-B252-18DFBB38722E}.Debug|Any CPU.ActiveCfg = Debug|Any CPU
		{6C525F32-2063-48E7-B252-18DFBB38722E}.Debug|Any CPU.Build.0 = Debug|Any CPU
		{6C525F32-2063-48E7-B252-18DFBB38722E}.Debug|x64.ActiveCfg = Debug|Any CPU
		{6C525F32-2063-48E7-B252-18DFBB38722E}.Debug|x64.Build.0 = Debug|Any CPU
		{6C525F32-2063-48E7-B252-18DFBB38722E}.Debug|x86.ActiveCfg = Debug|Any CPU
		{6C525F32-2063-48E7-B252-18DFBB38722E}.Debug|x86.Build.0 = Debug|Any CPU
		{6C525F32-2063-48E7-B252-18DFBB38722E}.Release|Any CPU.ActiveCfg = Release|Any CPU
		{6C525F32-2063-48E7-B252-18DFBB38722E}.Release|Any CPU.Build.0 = Release|Any CPU
		{6C525F32-2063-48E7-B252-18DFBB38722E}.Release|x64.ActiveCfg = Release|Any CPU
		{6C525F32-2063-48E7-B252-18DFBB38722E}.Release|x64.Build.0 = Release|Any CPU
		{6C525F32-2063-48E7-B252-18DFBB38722E}.Release|x86.ActiveCfg = Release|Any CPU
		{6C525F32-2063-48E7-B252-18DFBB38722E}.Release|x86.Build.0 = Release|Any CPU
		{C58280E9-339D-43ED-860D-AD98D4C7CA1E}.Debug|Any CPU.ActiveCfg = Debug|Any CPU
		{C58280E9-339D-43ED-860D-AD98D4C7CA1E}.Debug|Any CPU.Build.0 = Debug|Any CPU
		{C58280E9-339D-43ED-860D-AD98D4C7CA1E}.Debug|x64.ActiveCfg = Debug|Any CPU
		{C58280E9-339D-43ED-860D-AD98D4C7CA1E}.Debug|x64.Build.0 = Debug|Any CPU
		{C58280E9-339D-43ED-860D-AD98D4C7CA1E}.Debug|x86.ActiveCfg = Debug|Any CPU
		{C58280E9-339D-43ED-860D-AD98D4C7CA1E}.Debug|x86.Build.0 = Debug|Any CPU
		{C58280E9-339D-43ED-860D-AD98D4C7CA1E}.Release|Any CPU.ActiveCfg = Release|Any CPU
		{C58280E9-339D-43ED-860D-AD98D4C7CA1E}.Release|Any CPU.Build.0 = Release|Any CPU
		{C58280E9-339D-43ED-860D-AD98D4C7CA1E}.Release|x64.ActiveCfg = Release|Any CPU
		{C58280E9-339D-43ED-860D-AD98D4C7CA1E}.Release|x64.Build.0 = Release|Any CPU
		{C58280E9-339D-43ED-860D-AD98D4C7CA1E}.Release|x86.ActiveCfg = Release|Any CPU
		{C58280E9-339D-43ED-860D-AD98D4C7CA1E}.Release|x86.Build.0 = Release|Any CPU
		{E1CCCF80-7082-4940-827D-20EBE46D6CBD}.Debug|Any CPU.ActiveCfg = Debug|Any CPU
		{E1CCCF80-7082-4940-827D-20EBE46D6CBD}.Debug|Any CPU.Build.0 = Debug|Any CPU
		{E1CCCF80-7082-4940-827D-20EBE46D6CBD}.Debug|x64.ActiveCfg = Debug|Any CPU
		{E1CCCF80-7082-4940-827D-20EBE46D6CBD}.Debug|x64.Build.0 = Debug|Any CPU
		{E1CCCF80-7082-4940-827D-20EBE46D6CBD}.Debug|x86.ActiveCfg = Debug|Any CPU
		{E1CCCF80-7082-4940-827D-20EBE46D6CBD}.Debug|x86.Build.0 = Debug|Any CPU
		{E1CCCF80-7082-4940-827D-20EBE46D6CBD}.Release|Any CPU.ActiveCfg = Release|Any CPU
		{E1CCCF80-7082-4940-827D-20EBE46D6CBD}.Release|Any CPU.Build.0 = Release|Any CPU
		{E1CCCF80-7082-4940-827D-20EBE46D6CBD}.Release|x64.ActiveCfg = Release|Any CPU
		{E1CCCF80-7082-4940-827D-20EBE46D6CBD}.Release|x64.Build.0 = Release|Any CPU
		{E1CCCF80-7082-4940-827D-20EBE46D6CBD}.Release|x86.ActiveCfg = Release|Any CPU
		{E1CCCF80-7082-4940-827D-20EBE46D6CBD}.Release|x86.Build.0 = Release|Any CPU
		{02CF66FF-C972-4B53-9BFF-14D3ED7D8B5B}.Debug|Any CPU.ActiveCfg = Debug|Any CPU
		{02CF66FF-C972-4B53-9BFF-14D3ED7D8B5B}.Debug|Any CPU.Build.0 = Debug|Any CPU
		{02CF66FF-C972-4B53-9BFF-14D3ED7D8B5B}.Debug|x64.ActiveCfg = Debug|Any CPU
		{02CF66FF-C972-4B53-9BFF-14D3ED7D8B5B}.Debug|x64.Build.0 = Debug|Any CPU
		{02CF66FF-C972-4B53-9BFF-14D3ED7D8B5B}.Debug|x86.ActiveCfg = Debug|Any CPU
		{02CF66FF-C972-4B53-9BFF-14D3ED7D8B5B}.Debug|x86.Build.0 = Debug|Any CPU
		{02CF66FF-C972-4B53-9BFF-14D3ED7D8B5B}.Release|Any CPU.ActiveCfg = Release|Any CPU
		{02CF66FF-C972-4B53-9BFF-14D3ED7D8B5B}.Release|Any CPU.Build.0 = Release|Any CPU
		{02CF66FF-C972-4B53-9BFF-14D3ED7D8B5B}.Release|x64.ActiveCfg = Release|Any CPU
		{02CF66FF-C972-4B53-9BFF-14D3ED7D8B5B}.Release|x64.Build.0 = Release|Any CPU
		{02CF66FF-C972-4B53-9BFF-14D3ED7D8B5B}.Release|x86.ActiveCfg = Release|Any CPU
		{02CF66FF-C972-4B53-9BFF-14D3ED7D8B5B}.Release|x86.Build.0 = Release|Any CPU
		{EDA96664-3318-499E-91A7-40E72FCAC7D4}.Debug|Any CPU.ActiveCfg = Debug|Any CPU
		{EDA96664-3318-499E-91A7-40E72FCAC7D4}.Debug|Any CPU.Build.0 = Debug|Any CPU
		{EDA96664-3318-499E-91A7-40E72FCAC7D4}.Debug|x64.ActiveCfg = Debug|Any CPU
		{EDA96664-3318-499E-91A7-40E72FCAC7D4}.Debug|x64.Build.0 = Debug|Any CPU
		{EDA96664-3318-499E-91A7-40E72FCAC7D4}.Debug|x86.ActiveCfg = Debug|Any CPU
		{EDA96664-3318-499E-91A7-40E72FCAC7D4}.Debug|x86.Build.0 = Debug|Any CPU
		{EDA96664-3318-499E-91A7-40E72FCAC7D4}.Release|Any CPU.ActiveCfg = Release|Any CPU
		{EDA96664-3318-499E-91A7-40E72FCAC7D4}.Release|Any CPU.Build.0 = Release|Any CPU
		{EDA96664-3318-499E-91A7-40E72FCAC7D4}.Release|x64.ActiveCfg = Release|Any CPU
		{EDA96664-3318-499E-91A7-40E72FCAC7D4}.Release|x64.Build.0 = Release|Any CPU
		{EDA96664-3318-499E-91A7-40E72FCAC7D4}.Release|x86.ActiveCfg = Release|Any CPU
		{EDA96664-3318-499E-91A7-40E72FCAC7D4}.Release|x86.Build.0 = Release|Any CPU
		{7BFBC753-BCD3-4CDE-B4A1-9C56B659EFB5}.Debug|Any CPU.ActiveCfg = Debug|Any CPU
		{7BFBC753-BCD3-4CDE-B4A1-9C56B659EFB5}.Debug|Any CPU.Build.0 = Debug|Any CPU
		{7BFBC753-BCD3-4CDE-B4A1-9C56B659EFB5}.Debug|x64.ActiveCfg = Debug|Any CPU
		{7BFBC753-BCD3-4CDE-B4A1-9C56B659EFB5}.Debug|x64.Build.0 = Debug|Any CPU
		{7BFBC753-BCD3-4CDE-B4A1-9C56B659EFB5}.Debug|x86.ActiveCfg = Debug|Any CPU
		{7BFBC753-BCD3-4CDE-B4A1-9C56B659EFB5}.Debug|x86.Build.0 = Debug|Any CPU
		{7BFBC753-BCD3-4CDE-B4A1-9C56B659EFB5}.Release|Any CPU.ActiveCfg = Release|Any CPU
		{7BFBC753-BCD3-4CDE-B4A1-9C56B659EFB5}.Release|Any CPU.Build.0 = Release|Any CPU
		{7BFBC753-BCD3-4CDE-B4A1-9C56B659EFB5}.Release|x64.ActiveCfg = Release|Any CPU
		{7BFBC753-BCD3-4CDE-B4A1-9C56B659EFB5}.Release|x64.Build.0 = Release|Any CPU
		{7BFBC753-BCD3-4CDE-B4A1-9C56B659EFB5}.Release|x86.ActiveCfg = Release|Any CPU
		{7BFBC753-BCD3-4CDE-B4A1-9C56B659EFB5}.Release|x86.Build.0 = Release|Any CPU
		{06DEAADB-63E1-4B3D-9733-3E556BE1269E}.Debug|Any CPU.ActiveCfg = Debug|Any CPU
		{06DEAADB-63E1-4B3D-9733-3E556BE1269E}.Debug|Any CPU.Build.0 = Debug|Any CPU
		{06DEAADB-63E1-4B3D-9733-3E556BE1269E}.Debug|x64.ActiveCfg = Debug|Any CPU
		{06DEAADB-63E1-4B3D-9733-3E556BE1269E}.Debug|x64.Build.0 = Debug|Any CPU
		{06DEAADB-63E1-4B3D-9733-3E556BE1269E}.Debug|x86.ActiveCfg = Debug|Any CPU
		{06DEAADB-63E1-4B3D-9733-3E556BE1269E}.Debug|x86.Build.0 = Debug|Any CPU
		{06DEAADB-63E1-4B3D-9733-3E556BE1269E}.Release|Any CPU.ActiveCfg = Release|Any CPU
		{06DEAADB-63E1-4B3D-9733-3E556BE1269E}.Release|Any CPU.Build.0 = Release|Any CPU
		{06DEAADB-63E1-4B3D-9733-3E556BE1269E}.Release|x64.ActiveCfg = Release|Any CPU
		{06DEAADB-63E1-4B3D-9733-3E556BE1269E}.Release|x64.Build.0 = Release|Any CPU
		{06DEAADB-63E1-4B3D-9733-3E556BE1269E}.Release|x86.ActiveCfg = Release|Any CPU
		{06DEAADB-63E1-4B3D-9733-3E556BE1269E}.Release|x86.Build.0 = Release|Any CPU
		{0F670FED-85B9-43AA-BC23-8080F8F840C3}.Debug|Any CPU.ActiveCfg = Debug|Any CPU
		{0F670FED-85B9-43AA-BC23-8080F8F840C3}.Debug|Any CPU.Build.0 = Debug|Any CPU
		{0F670FED-85B9-43AA-BC23-8080F8F840C3}.Debug|x64.ActiveCfg = Debug|Any CPU
		{0F670FED-85B9-43AA-BC23-8080F8F840C3}.Debug|x64.Build.0 = Debug|Any CPU
		{0F670FED-85B9-43AA-BC23-8080F8F840C3}.Debug|x86.ActiveCfg = Debug|Any CPU
		{0F670FED-85B9-43AA-BC23-8080F8F840C3}.Debug|x86.Build.0 = Debug|Any CPU
		{0F670FED-85B9-43AA-BC23-8080F8F840C3}.Release|Any CPU.ActiveCfg = Release|Any CPU
		{0F670FED-85B9-43AA-BC23-8080F8F840C3}.Release|Any CPU.Build.0 = Release|Any CPU
		{0F670FED-85B9-43AA-BC23-8080F8F840C3}.Release|x64.ActiveCfg = Release|Any CPU
		{0F670FED-85B9-43AA-BC23-8080F8F840C3}.Release|x64.Build.0 = Release|Any CPU
		{0F670FED-85B9-43AA-BC23-8080F8F840C3}.Release|x86.ActiveCfg = Release|Any CPU
		{0F670FED-85B9-43AA-BC23-8080F8F840C3}.Release|x86.Build.0 = Release|Any CPU
		{E2FF9096-ED9E-4EDC-8B32-1ABA245F3C5E}.Debug|Any CPU.ActiveCfg = Debug|Any CPU
		{E2FF9096-ED9E-4EDC-8B32-1ABA245F3C5E}.Debug|Any CPU.Build.0 = Debug|Any CPU
		{E2FF9096-ED9E-4EDC-8B32-1ABA245F3C5E}.Debug|x64.ActiveCfg = Debug|Any CPU
		{E2FF9096-ED9E-4EDC-8B32-1ABA245F3C5E}.Debug|x64.Build.0 = Debug|Any CPU
		{E2FF9096-ED9E-4EDC-8B32-1ABA245F3C5E}.Debug|x86.ActiveCfg = Debug|Any CPU
		{E2FF9096-ED9E-4EDC-8B32-1ABA245F3C5E}.Debug|x86.Build.0 = Debug|Any CPU
		{E2FF9096-ED9E-4EDC-8B32-1ABA245F3C5E}.Release|Any CPU.ActiveCfg = Release|Any CPU
		{E2FF9096-ED9E-4EDC-8B32-1ABA245F3C5E}.Release|Any CPU.Build.0 = Release|Any CPU
		{E2FF9096-ED9E-4EDC-8B32-1ABA245F3C5E}.Release|x64.ActiveCfg = Release|Any CPU
		{E2FF9096-ED9E-4EDC-8B32-1ABA245F3C5E}.Release|x64.Build.0 = Release|Any CPU
		{E2FF9096-ED9E-4EDC-8B32-1ABA245F3C5E}.Release|x86.ActiveCfg = Release|Any CPU
		{E2FF9096-ED9E-4EDC-8B32-1ABA245F3C5E}.Release|x86.Build.0 = Release|Any CPU
		{A8E58451-1A92-438C-A3E0-08EAA0DC4E47}.Debug|Any CPU.ActiveCfg = Debug|Any CPU
		{A8E58451-1A92-438C-A3E0-08EAA0DC4E47}.Debug|Any CPU.Build.0 = Debug|Any CPU
		{A8E58451-1A92-438C-A3E0-08EAA0DC4E47}.Debug|x64.ActiveCfg = Debug|Any CPU
		{A8E58451-1A92-438C-A3E0-08EAA0DC4E47}.Debug|x64.Build.0 = Debug|Any CPU
		{A8E58451-1A92-438C-A3E0-08EAA0DC4E47}.Debug|x86.ActiveCfg = Debug|Any CPU
		{A8E58451-1A92-438C-A3E0-08EAA0DC4E47}.Debug|x86.Build.0 = Debug|Any CPU
		{A8E58451-1A92-438C-A3E0-08EAA0DC4E47}.Release|Any CPU.ActiveCfg = Release|Any CPU
		{A8E58451-1A92-438C-A3E0-08EAA0DC4E47}.Release|Any CPU.Build.0 = Release|Any CPU
		{A8E58451-1A92-438C-A3E0-08EAA0DC4E47}.Release|x64.ActiveCfg = Release|Any CPU
		{A8E58451-1A92-438C-A3E0-08EAA0DC4E47}.Release|x64.Build.0 = Release|Any CPU
		{A8E58451-1A92-438C-A3E0-08EAA0DC4E47}.Release|x86.ActiveCfg = Release|Any CPU
		{A8E58451-1A92-438C-A3E0-08EAA0DC4E47}.Release|x86.Build.0 = Release|Any CPU
		{8920C7D0-0190-4918-B29E-44926531DFAB}.Debug|Any CPU.ActiveCfg = Debug|Any CPU
		{8920C7D0-0190-4918-B29E-44926531DFAB}.Debug|Any CPU.Build.0 = Debug|Any CPU
		{8920C7D0-0190-4918-B29E-44926531DFAB}.Debug|x64.ActiveCfg = Debug|Any CPU
		{8920C7D0-0190-4918-B29E-44926531DFAB}.Debug|x64.Build.0 = Debug|Any CPU
		{8920C7D0-0190-4918-B29E-44926531DFAB}.Debug|x86.ActiveCfg = Debug|Any CPU
		{8920C7D0-0190-4918-B29E-44926531DFAB}.Debug|x86.Build.0 = Debug|Any CPU
		{8920C7D0-0190-4918-B29E-44926531DFAB}.Release|Any CPU.ActiveCfg = Release|Any CPU
		{8920C7D0-0190-4918-B29E-44926531DFAB}.Release|Any CPU.Build.0 = Release|Any CPU
		{8920C7D0-0190-4918-B29E-44926531DFAB}.Release|x64.ActiveCfg = Release|Any CPU
		{8920C7D0-0190-4918-B29E-44926531DFAB}.Release|x64.Build.0 = Release|Any CPU
		{8920C7D0-0190-4918-B29E-44926531DFAB}.Release|x86.ActiveCfg = Release|Any CPU
		{8920C7D0-0190-4918-B29E-44926531DFAB}.Release|x86.Build.0 = Release|Any CPU
		{530C1DF0-D86E-4A30-9D19-51E2FF6451F3}.Debug|Any CPU.ActiveCfg = Debug|Any CPU
		{530C1DF0-D86E-4A30-9D19-51E2FF6451F3}.Debug|Any CPU.Build.0 = Debug|Any CPU
		{530C1DF0-D86E-4A30-9D19-51E2FF6451F3}.Debug|x64.ActiveCfg = Debug|Any CPU
		{530C1DF0-D86E-4A30-9D19-51E2FF6451F3}.Debug|x64.Build.0 = Debug|Any CPU
		{530C1DF0-D86E-4A30-9D19-51E2FF6451F3}.Debug|x86.ActiveCfg = Debug|Any CPU
		{530C1DF0-D86E-4A30-9D19-51E2FF6451F3}.Debug|x86.Build.0 = Debug|Any CPU
		{530C1DF0-D86E-4A30-9D19-51E2FF6451F3}.Release|Any CPU.ActiveCfg = Release|Any CPU
		{530C1DF0-D86E-4A30-9D19-51E2FF6451F3}.Release|Any CPU.Build.0 = Release|Any CPU
		{530C1DF0-D86E-4A30-9D19-51E2FF6451F3}.Release|x64.ActiveCfg = Release|Any CPU
		{530C1DF0-D86E-4A30-9D19-51E2FF6451F3}.Release|x64.Build.0 = Release|Any CPU
		{530C1DF0-D86E-4A30-9D19-51E2FF6451F3}.Release|x86.ActiveCfg = Release|Any CPU
		{530C1DF0-D86E-4A30-9D19-51E2FF6451F3}.Release|x86.Build.0 = Release|Any CPU
	EndGlobalSection
	GlobalSection(SolutionProperties) = preSolution
		HideSolutionNode = FALSE
	EndGlobalSection
	GlobalSection(NestedProjects) = preSolution
		{73EBE5E8-D38D-4ED2-97BC-89F09EDA67BE} = {827E0CD3-B72D-47B6-A68D-7590B98EB39B}
		{B910DE0D-DCCC-478A-8736-6B1E50B3F56D} = {827E0CD3-B72D-47B6-A68D-7590B98EB39B}
		{A6795678-CB31-4B14-A009-504BB3020945} = {827E0CD3-B72D-47B6-A68D-7590B98EB39B}
		{35AC64B1-7565-4F16-81D9-2BB8588023AF} = {827E0CD3-B72D-47B6-A68D-7590B98EB39B}
		{1BF51539-6F58-4D1E-8CAA-97A9CCFEC22F} = {0AB3BF05-4346-4AA6-1389-037BE0695223}
		{8C83A3D2-3405-4892-834C-C4650A14AB78} = {827E0CD3-B72D-47B6-A68D-7590B98EB39B}
		{9F940C3D-9295-4BF6-AFB6-9F78E31FB19A} = {0AB3BF05-4346-4AA6-1389-037BE0695223}
		{E8CF104C-07F3-47AB-BEE3-22C791D04D87} = {0AB3BF05-4346-4AA6-1389-037BE0695223}
		{0CCDC3F7-0FB4-4885-AC18-D83538ACED99} = {0AB3BF05-4346-4AA6-1389-037BE0695223}
		{098619FA-1071-4941-8563-33A465915D9B} = {0AB3BF05-4346-4AA6-1389-037BE0695223}
		{59A36F0A-9735-4EEA-AD39-C794CD3EEBF4} = {0AB3BF05-4346-4AA6-1389-037BE0695223}
		{D8874AAE-C90A-45FC-B731-FBDB525F5395} = {827E0CD3-B72D-47B6-A68D-7590B98EB39B}
		{75AE0EEE-9ADD-4419-8A03-63C67748D47B} = {827E0CD3-B72D-47B6-A68D-7590B98EB39B}
		{7D4EC85B-CBD5-4772-8852-36F16B5BE703} = {827E0CD3-B72D-47B6-A68D-7590B98EB39B}
		{230951C7-F845-47AF-8B3E-6AC13E14FC34} = {827E0CD3-B72D-47B6-A68D-7590B98EB39B}
		{F4A2BCF6-C51F-4B15-B7BD-D096B4994EC3} = {0AB3BF05-4346-4AA6-1389-037BE0695223}
		{0195F8E5-E234-44A0-A3A5-0B542CAC35B3} = {0AB3BF05-4346-4AA6-1389-037BE0695223}
		{21CD23A6-5507-4D9E-91B9-5802EF08AD4C} = {827E0CD3-B72D-47B6-A68D-7590B98EB39B}
		{659BFA4A-BC0C-4480-9268-BD3FBB36BF50} = {0AB3BF05-4346-4AA6-1389-037BE0695223}
		{27CC201A-2D1C-4EDD-B973-305770B0EABE} = {827E0CD3-B72D-47B6-A68D-7590B98EB39B}
		{FA07BC00-089C-4F92-AEC0-F80935B3FD5A} = {0AB3BF05-4346-4AA6-1389-037BE0695223}
		{86CA2D63-7C00-4BBC-B93E-46079E5CA985} = {827E0CD3-B72D-47B6-A68D-7590B98EB39B}
		{0C4ABF0E-2E4A-47A5-A5D9-5CD2C3113B91} = {0AB3BF05-4346-4AA6-1389-037BE0695223}
		{D604236C-A04E-459F-88AE-0AA46B642732} = {0AB3BF05-4346-4AA6-1389-037BE0695223}
		{D46FF2CD-23F8-444B-AE8B-0F11EABDB3E0} = {0AB3BF05-4346-4AA6-1389-037BE0695223}
		{D64EF9C6-C5E6-490E-A1D5-BC60F26765CD} = {827E0CD3-B72D-47B6-A68D-7590B98EB39B}
		{6C525F32-2063-48E7-B252-18DFBB38722E} = {0AB3BF05-4346-4AA6-1389-037BE0695223}
		{C58280E9-339D-43ED-860D-AD98D4C7CA1E} = {20543853-AF10-B830-2A3D-9FE9F6ECBF6C}
		{E1CCCF80-7082-4940-827D-20EBE46D6CBD} = {0AB3BF05-4346-4AA6-1389-037BE0695223}
		{02CF66FF-C972-4B53-9BFF-14D3ED7D8B5B} = {0AB3BF05-4346-4AA6-1389-037BE0695223}
		{EDA96664-3318-499E-91A7-40E72FCAC7D4} = {0AB3BF05-4346-4AA6-1389-037BE0695223}
		{7BFBC753-BCD3-4CDE-B4A1-9C56B659EFB5} = {0AB3BF05-4346-4AA6-1389-037BE0695223}
		{06DEAADB-63E1-4B3D-9733-3E556BE1269E} = {827E0CD3-B72D-47B6-A68D-7590B98EB39B}
		{0F670FED-85B9-43AA-BC23-8080F8F840C3} = {0AB3BF05-4346-4AA6-1389-037BE0695223}
		{E2FF9096-ED9E-4EDC-8B32-1ABA245F3C5E} = {20543853-AF10-B830-2A3D-9FE9F6ECBF6C}
		{A8E58451-1A92-438C-A3E0-08EAA0DC4E47} = {0AB3BF05-4346-4AA6-1389-037BE0695223}
		{8920C7D0-0190-4918-B29E-44926531DFAB} = {0AB3BF05-4346-4AA6-1389-037BE0695223}
		{530C1DF0-D86E-4A30-9D19-51E2FF6451F3} = {0AB3BF05-4346-4AA6-1389-037BE0695223}
	EndGlobalSection
EndGlobal
